Microsoft Visual Studio Solution File, Format Version 12.00
# Visual Studio Version 18
VisualStudioVersion = 18.5.11716.220 stable
MinimumVisualStudioVersion = 10.0.40219.1
Project("{FAE04EC0-301F-11D3-BF4B-00C04F79EFBC}") = "CanvasFlow.Api", "CanvasFlow.Api\CanvasFlow.Api.csproj", "{E108508A-5909-45F5-A4EB-5EA154FEB749}"
Project("{FAE04EC0-301F-11D3-BF4B-00C04F79EFBC}") = "CanvasFlow.Web", "CanvasFlow.Web\CanvasFlow.Web.csproj", "{A1B2C3D4-E5F6-4789-A0B1-C2D3E4F5A6B7}"
EndProject
Global
	GlobalSection(SolutionConfigurationPlatforms) = preSolution
		Debug|Any CPU = Debug|Any CPU
		Release|Any CPU = Release|Any CPU
	EndGlobalSection
	GlobalSection(ProjectConfigurationPlatforms) = postSolution
		{E108508A-5909-45F5-A4EB-5EA154FEB749}.Debug|Any CPU.ActiveCfg = Debug|Any CPU
		{E1008508A-5909-45F5-A4EB-5EA154FEB749}.Debug|Any CPU.Build.0 = Debug|Any CPU
		{E108508A-5909-45F5-A4EB-5EA154FEB749}.Release|Any CPU.ActiveCfg = Release|Any CPU
		{E108508A-5909-45F5-A4EB-5EA154FEB749}.Release|Any CPU.Build.0 = Release|Any CPU
		{A1B2C3D4-E5F6-4789-A0B1-C2D3E4F5A6B7}.Debug|Any CPU.ActiveCfg = Debug|Any CPU
		{A1B2C3D4-E5F6-4789-A0B1-C2D3E4F5A6B7}.Debug|Any CPU.Build.0 = Debug|Any CPU
		{A1B2C3D4-E5F6-4789-A0B1-C2D3E4F5A6B7}.Release|Any CPU.ActiveCfg = Release|Any CPU
		{A1B2C3D4-E5F6-4789-A0B1-C2D3E4F5A6B7}.Release|Any CPU.Build.0 = Release|Any CPU
	EndGlobalSection
	GlobalSection(SolutionProperties) = preSolution
		HideSolutionNode = FALSE
	EndGlobalSection
	GlobalSection(ExtensibilityGlobals) = postSolution
		SolutionGuid = {24045D52-C800-4578-9DCF-2E4DAA86B966}
	EndGlobalSection
	GlobalSection(SolutionPlatforms) = preSolution
		Anonymous = Anonymous (Empty)
	EndGlobalSection
	GlobalSection(CoreUtility) = preSolution
		{GUID_FOR_API} = {GUID_FOR_API}
	EndGlobalSection
EndGlobal
